
Microsoft Visual Studio Solution File, Format Version 12.00
# Visual Studio 15
VisualStudioVersion = 15.0.28307.902
MinimumVisualStudioVersion = 10.0.40219.1
Project("{F184B08F-C81C-45F6-A57F-5ABD9991F28F}") = "Registration Form", "Registration Form\Registration Form.vbproj", "{5E57D0A3-C187-4E93-BF5D-3B92C22B114B}"
EndProject
Global
	GlobalSection(SolutionConfigurationPlatforms) = preSolution
		Debug|Any CPU = Debug|Any CPU
		Release|Any CPU = Release|Any CPU
	EndGlobalSection
	GlobalSection(ProjectConfigurationPlatforms) = postSolution
		{5E57D0A3-C187-4E93-BF5D-3B92C22B114B}.Debug|Any CPU.ActiveCfg = Debug|Any CPU
		{5E57D0A3-C187-4E93-BF5D-3B92C22B114B}.Debug|Any CPU.Build.0 = Debug|Any CPU
		{5E57D0A3-C187-4E93-BF5D-3B92C22B114B}.Release|Any CPU.ActiveCfg = Release|Any CPU
		{5E57D0A3-C187-4E93-BF5D-3B92C22B114B}.Release|Any CPU.Build.0 = Release|Any CPU
	EndGlobalSection
	GlobalSection(SolutionProperties) = preSolution
		HideSolutionNode = FALSE
	EndGlobalSection
	GlobalSection(ExtensibilityGlobals) = postSolution
		SolutionGuid = {FE77E4F9-FFC6-4114-ABF6-1D7F9262DBCC}
	EndGlobalSection
EndGlobal
